// !$*UTF8*$!
{
	archiveVersion = 1;
	classes = {
	};
	objectVersion = 55;
	objects = {

/* Begin PBXBuildFile section */
		AB8BEB2F281D9AB800B05442 /* AppDelegate.swift in Sources */ = {isa = PBXBuildFile; fileRef = AB8BEB2E281D9AB800B05442 /* AppDelegate.swift */; };
		AB8BEB31281D9AB800B05442 /* SceneDelegate.swift in Sources */ = {isa = PBXBuildFile; fileRef = AB8BEB30281D9AB800B05442 /* SceneDelegate.swift */; };
		AB8BEB33281D9AB800B05442 /* ViewController.swift in Sources */ = {isa = PBXBuildFile; fileRef = AB8BEB32281D9AB800B05442 /* ViewController.swift */; };
		AB8BEB36281D9AB800B05442 /* Main.storyboard in Resources */ = {isa = PBXBuildFile; fileRef = AB8BEB34281D9AB800B05442 /* Main.storyboard */; };
		AB8BEB38281D9ABA00B05442 /* Assets.xcassets in Resources */ = {isa = PBXBuildFile; fileRef = AB8BEB37281D9ABA00B05442 /* Assets.xcassets */; };
		AB8BEB3B281D9ABA00B05442 /* LaunchScreen.storyboard in Resources */ = {isa = PBXBuildFile; fileRef = AB8BEB39281D9ABA00B05442 /* LaunchScreen.storyboard */; };
		ABF1498D283D0C00001DE73A /* Eazy in Frameworks */ = {isa = PBXBuildFile; productRef = ABF1498C283D0C00001DE73A /* Eazy */; };
		ABFB82AD2831697F00D05630 /* Eazy in Frameworks */ = {isa = PBXBuildFile; productRef = ABFB82AC2831697F00D05630 /* Eazy */; };
/* End PBXBuildFile section */

/* Begin PBXCopyFilesBuildPhase section */
		ABC5A3CA281D9B4200E2A795 /* Embed Frameworks */ = {
			isa = PBXCopyFilesBuildPhase;
			buildActionMask = 2147483647;
			dstPath = "";
			dstSubfolderSpec = 10;
			files = (
			);
			name = "Embed Frameworks";
			runOnlyForDeploymentPostprocessing = 0;
		};
/* End PBXCopyFilesBuildPhase section */

/* Begin PBXFileReference section */
		AB8BEB2B281D9AB800B05442 /* UIKitApp.app */ = {isa = PBXFileReference; explicitFileType = wrapper.application; includeInIndex = 0; path = UIKitApp.app; sourceTree = BUILT_PRODUCTS_DIR; };
		AB8BEB2E281D9AB800B05442 /* AppDelegate.swift */ = {isa = PBXFileReference; lastKnownFileType = sourcecode.swift; path = AppDelegate.swift; sourceTree = "<group>"; };
		AB8BEB30281D9AB800B05442 /* SceneDelegate.swift */ = {isa = PBXFileReference; lastKnownFileType = sourcecode.swift; path = SceneDelegate.swift; sourceTree = "<group>"; };
		AB8BEB32281D9AB800B05442 /* ViewController.swift */ = {isa = PBXFileReference; lastKnownFileType = sourcecode.swift; path = ViewController.swift; sourceTree = "<group>"; };
		AB8BEB35281D9AB800B05442 /* Base */ = {isa = PBXFileReference; lastKnownFileType = file.storyboard; name = Base; path = Base.lproj/Main.storyboard; sourceTree = "<group>"; };
		AB8BEB37281D9ABA00B05442 /* Assets.xcassets */ = {isa = PBXFileReference; lastKnownFileType = folder.assetcatalog; path = Assets.xcassets; sourceTree = "<group>"; };
		AB8BEB3A281D9ABA00B05442 /* Base */ = {isa = PBXFileReference; lastKnownFileType = file.storyboard; name = Base; path = Base.lproj/LaunchScreen.storyboard; sourceTree = "<group>"; };
		AB8BEB3C281D9ABA00B05442 /* Info.plist */ = {isa = PBXFileReference; lastKnownFileType = text.plist.xml; path = Info.plist; sourceTree = "<group>"; };
/* End PBXFileReference section */

/* Begin PBXFrameworksBuildPhase section */
		AB8BEB28281D9AB800B05442 /* Frameworks */ = {
			isa = PBXFrameworksBuildPhase;
			buildActionMask = 2147483647;
			files = (
				ABFB82AD2831697F00D05630 /* Eazy in Frameworks */,
				ABF1498D283D0C00001DE73A /* Eazy in Frameworks */,
			);
			runOnlyForDeploymentPostprocessing = 0;
		};
/* End PBXFrameworksBuildPhase section */

/* Begin PBXGroup section */
		AB8BEB22281D9AB800B05442 = {
			isa = PBXGroup;
			children = (
				AB8BEB42281D9ACC00B05442 /* Packages */,
				AB8BEB2D281D9AB800B05442 /* UIKitApp */,
				AB8BEB2C281D9AB800B05442 /* Products */,
				ABC5A3C6281D9B4200E2A795 /* Frameworks */,
			);
			sourceTree = "<group>";
		};
		AB8BEB2C281D9AB800B05442 /* Products */ = {
			isa = PBXGroup;
			children = (
				AB8BEB2B281D9AB800B05442 /* UIKitApp.app */,
			);
			name = Products;
			sourceTree = "<group>";
		};
		AB8BEB2D281D9AB800B05442 /* UIKitApp */ = {
			isa = PBXGroup;
			children = (
				AB8BEB2E281D9AB800B05442 /* AppDelegate.swift */,
				AB8BEB30281D9AB800B05442 /* SceneDelegate.swift */,
				AB8BEB32281D9AB800B05442 /* ViewController.swift */,
				AB8BEB34281D9AB800B05442 /* Main.storyboard */,
				AB8BEB37281D9ABA00B05442 /* Assets.xcassets */,
				AB8BEB39281D9ABA00B05442 /* LaunchScreen.storyboard */,
				AB8BEB3C281D9ABA00B05442 /* Info.plist */,
			);
			path = UIKitApp;
			sourceTree = "<group>";
		};
		AB8BEB42281D9ACC00B05442 /* Packages */ = {
			isa = PBXGroup;
			children = (
			);
			name = Packages;
			sourceTree = "<group>";
		};
		ABC5A3C6281D9B4200E2A795 /* Frameworks */ = {
			isa = PBXGroup;
			children = (
			);
			name = Frameworks;
			sourceTree = "<group>";
		};
/* End PBXGroup section */

/* Begin PBXNativeTarget section */
		AB8BEB2A281D9AB800B05442 /* UIKitApp */ = {
			isa = PBXNativeTarget;
			buildConfigurationList = AB8BEB3F281D9ABA00B05442 /* Build configuration list for PBXNativeTarget "UIKitApp" */;
			buildPhases = (
				AB8BEB27281D9AB800B05442 /* Sources */,
				AB8BEB28281D9AB800B05442 /* Frameworks */,
				AB8BEB29281D9AB800B05442 /* Resources */,
				ABC5A3CA281D9B4200E2A795 /* Embed Frameworks */,
			);
			buildRules = (
			);
			dependencies = (
			);
			name = UIKitApp;
			packageProductDependencies = (
				ABFB82AC2831697F00D05630 /* Eazy */,
				ABF1498C283D0C00001DE73A /* Eazy */,
			);
			productName = UIKitApp;
			productReference = AB8BEB2B281D9AB800B05442 /* UIKitApp.app */;
			productType = "com.apple.product-type.application";
		};
/* End PBXNativeTarget section */

/* Begin PBXProject section */
		AB8BEB23281D9AB800B05442 /* Project object */ = {
			isa = PBXProject;
			attributes = {
				BuildIndependentTargetsInParallel = 1;
				LastSwiftUpdateCheck = 1320;
				LastUpgradeCheck = 1320;
				TargetAttributes = {
					AB8BEB2A281D9AB800B05442 = {
						CreatedOnToolsVersion = 13.2.1;
					};
				};
			};
			buildConfigurationList = AB8BEB26281D9AB800B05442 /* Build configuration list for PBXProject "UIKitApp" */;
			compatibilityVersion = "Xcode 13.0";
			developmentRegion = en;
			hasScannedForEncodings = 0;
			knownRegions = (
				en,
				Base,
			);
			mainGroup = AB8BEB22281D9AB800B05442;
			packageReferences = (
				ABF1498B283D0C00001DE73A /* XCRemoteSwiftPackageReference "swift-eazy" */,
			);
			productRefGroup = AB8BEB2C281D9AB800B05442 /* Products */;
			projectDirPath = "";
			projectRoot = "";
			targets = (
				AB8BEB2A281D9AB800B05442 /* UIKitApp */,
			);
		};
/* End PBXProject section */

/* Begin PBXResourcesBuildPhase section */
		AB8BEB29281D9AB800B05442 /* Resources */ = {
			isa = PBXResourcesBuildPhase;
			buildActionMask = 2147483647;
			files = (
				AB8BEB3B281D9ABA00B05442 /* LaunchScreen.storyboard in Resources */,
				AB8BEB38281D9ABA00B05442 /* Assets.xcassets in Resources */,
				AB8BEB36281D9AB800B05442 /* Main.storyboard in Resources */,
			);
			runOnlyForDeploymentPostprocessing = 0;
		};
/* End PBXResourcesBuildPhase section */

/* Begin PBXSourcesBuildPhase section */
		AB8BEB27281D9AB800B05442 /* Sources */ = {
			isa = PBXSourcesBuildPhase;
			buildActionMask = 2147483647;
			files = (
				AB8BEB33281D9AB800B05442 /* ViewController.swift in Sources */,
				AB8BEB2F281D9AB800B05442 /* AppDelegate.swift in Sources */,
				AB8BEB31281D9AB800B05442 /* SceneDelegate.swift in Sources */,
			);
			runOnlyForDeploymentPostprocessing = 0;
		};
/* End PBXSourcesBuildPhase section */

/* Begin PBXVariantGroup section */
		AB8BEB34281D9AB800B05442 /* Main.storyboard */ = {
			isa = PBXVariantGroup;
			children = (
				AB8BEB35281D9AB800B05442 /* Base */,
			);
			name = Main.storyboard;
			sourceTree = "<group>";
		};
		AB8BEB39281D9ABA00B05442 /* LaunchScreen.storyboard */ = {
			isa = PBXVariantGroup;
			children = (
				AB8BEB3A281D9ABA00B05442 /* Base */,
			);
			name = LaunchScreen.storyboard;
			sourceTree = "<group>";
		};
/* End PBXVariantGroup section */

/* Begin XCBuildConfiguration section */
		AB8BEB3D281D9ABA00B05442 /* Debug */ = {
			isa = XCBuildConfiguration;
			buildSettings = {
				ALWAYS_SEARCH_USER_PATHS = NO;
				CLANG_ANALYZER_NONNULL = YES;
				CLANG_ANALYZER_NUMBER_OBJECT_CONVERSION = YES_AGGRESSIVE;
				CLANG_CXX_LANGUAGE_STANDARD = "gnu++17";
				CLANG_CXX_LIBRARY = "libc++";
				CLANG_ENABLE_MODULES = YES;
				CLANG_ENABLE_OBJC_ARC = YES;
				CLANG_ENABLE_OBJC_WEAK = YES;
				CLANG_WARN_BLOCK_CAPTURE_AUTORELEASING = YES;
				CLANG_WARN_BOOL_CONVERSION = YES;
				CLANG_WARN_COMMA = YES;
				CLANG_WARN_CONSTANT_CONVERSION = YES;
				CLANG_WARN_DEPRECATED_OBJC_IMPLEMENTATIONS = YES;
				CLANG_WARN_DIRECT_OBJC_ISA_USAGE = YES_ERROR;
				CLANG_WARN_DOCUMENTATION_COMMENTS = YES;
				CLANG_WARN_EMPTY_BODY = YES;
				CLANG_WARN_ENUM_CONVERSION = YES;
				CLANG_WARN_INFINITE_RECURSION = YES;
				CLANG_WARN_INT_CONVERSION = YES;
				CLANG_WARN_NON_LITERAL_NULL_CONVERSION = YES;
				CLANG_WARN_OBJC_IMPLICIT_RETAIN_SELF = YES;
				CLANG_WARN_OBJC_LITERAL_CONVERSION = YES;
				CLANG_WARN_OBJC_ROOT_CLASS = YES_ERROR;
				CLANG_WARN_QUOTED_INCLUDE_IN_FRAMEWORK_HEADER = YES;
				CLANG_WARN_RANGE_LOOP_ANALYSIS = YES;
				CLANG_WARN_STRICT_PROTOTYPES = YES;
				CLANG_WARN_SUSPICIOUS_MOVE = YES;
				CLANG_WARN_UNGUARDED_AVAILABILITY = YES_AGGRESSIVE;
				CLANG_WARN_UNREACHABLE_CODE = YES;
				CLANG_WARN__DUPLICATE_METHOD_MATCH = YES;
				COPY_PHASE_STRIP = NO;
				DEBUG_INFORMATION_FORMAT = dwarf;
				ENABLE_STRICT_OBJC_MSGSEND = YES;
				ENABLE_TESTABILITY = YES;
				GCC_C_LANGUAGE_STANDARD = gnu11;
				GCC_DYNAMIC_NO_PIC = NO;
				GCC_NO_COMMON_BLOCKS = YES;
				GCC_OPTIMIZATION_LEVEL = 0;
				GCC_PREPROCESSOR_DEFINITIONS = (
					"DEBUG=1",
					"$(inherited)",
				);
				GCC_WARN_64_TO_32_BIT_CONVERSION = YES;
				GCC_WARN_ABOUT_RETURN_TYPE = YES_ERROR;
				GCC_WARN_UNDECLARED_SELECTOR = YES;
				GCC_WARN_UNINITIALIZED_AUTOS = YES_AGGRESSIVE;
				GCC_WARN_UNUSED_FUNCTION = YES;
				GCC_WARN_UNUSED_VARIABLE = YES;
				IPHONEOS_DEPLOYMENT_TARGET = 15.2;
				MTL_ENABLE_DEBUG_INFO = INCLUDE_SOURCE;
				MTL_FAST_MATH = YES;
				ONLY_ACTIVE_ARCH = YES;
				SDKROOT = iphoneos;
				SWIFT_ACTIVE_COMPILATION_CONDITIONS = DEBUG;
				SWIFT_OPTIMIZATION_LEVEL = "-Onone";
			};
			name = Debug;
		};
		AB8BEB3E281D9ABA00B05442 /* Release */ = {
			isa = XCBuildConfiguration;
			buildSettings = {
				ALWAYS_SEARCH_USER_PATHS = NO;
				CLANG_ANALYZER_NONNULL = YES;
				CLANG_ANALYZER_NUMBER_OBJECT_CONVERSION = YES_AGGRESSIVE;
				CLANG_CXX_LANGUAGE_STANDARD = "gnu++17";
				CLANG_CXX_LIBRARY = "libc++";
				CLANG_ENABLE_MODULES = YES;
				CLANG_ENABLE_OBJC_ARC = YES;
				CLANG_ENABLE_OBJC_WEAK = YES;
				CLANG_WARN_BLOCK_CAPTURE_AUTORELEASING = YES;
				CLANG_WARN_BOOL_CONVERSION = YES;
				CLANG_WARN_COMMA = YES;
				CLANG_WARN_CONSTANT_CONVERSION = YES;
				CLANG_WARN_DEPRECATED_OBJC_IMPLEMENTATIONS = YES;
				CLANG_WARN_DIRECT_OBJC_ISA_USAGE = YES_ERROR;
				CLANG_WARN_DOCUMENTATION_COMMENTS = YES;
				CLANG_WARN_EMPTY_BODY = YES;
				CLANG_WARN_ENUM_CONVERSION = YES;
				CLANG_WARN_INFINITE_RECURSION = YES;
				CLANG_WARN_INT_CONVERSION = YES;
				CLANG_WARN_NON_LITERAL_NULL_CONVERSION = YES;
				CLANG_WARN_OBJC_IMPLICIT_RETAIN_SELF = YES;
				CLANG_WARN_OBJC_LITERAL_CONVERSION = YES;
				CLANG_WARN_OBJC_ROOT_CLASS = YES_ERROR;
				CLANG_WARN_QUOTED_INCLUDE_IN_FRAMEWORK_HEADER = YES;
				CLANG_WARN_RANGE_LOOP_ANALYSIS = YES;
				CLANG_WARN_STRICT_PROTOTYPES = YES;
				CLANG_WARN_SUSPICIOUS_MOVE = YES;
				CLANG_WARN_UNGUARDED_AVAILABILITY = YES_AGGRESSIVE;
				CLANG_WARN_UNREACHABLE_CODE = YES;
				CLANG_WARN__DUPLICATE_METHOD_MATCH = YES;
				COPY_PHASE_STRIP = NO;
				DEBUG_INFORMATION_FORMAT = "dwarf-with-dsym";
				ENABLE_NS_ASSERTIONS = NO;
				ENABLE_STRICT_OBJC_MSGSEND = YES;
				GCC_C_LANGUAGE_STANDARD = gnu11;
				GCC_NO_COMMON_BLOCKS = YES;
				GCC_WARN_64_TO_32_BIT_CONVERSION = YES;
				GCC_WARN_ABOUT_RETURN_TYPE = YES_ERROR;
				GCC_WARN_UNDECLARED_SELECTOR = YES;
				GCC_WARN_UNINITIALIZED_AUTOS = YES_AGGRESSIVE;
				GCC_WARN_UNUSED_FUNCTION = YES;
				GCC_WARN_UNUSED_VARIABLE = YES;
				IPHONEOS_DEPLOYMENT_TARGET = 15.2;
				MTL_ENABLE_DEBUG_INFO = NO;
				MTL_FAST_MATH = YES;
				SDKROOT = iphoneos;
				SWIFT_COMPILATION_MODE = wholemodule;
				SWIFT_OPTIMIZATION_LEVEL = "-O";
				VALIDATE_PRODUCT = YES;
			};
			name = Release;
		};
		AB8BEB40281D9ABA00B05442 /* Debug */ = {
			isa = XCBuildConfiguration;
			buildSettings = {
				ASSETCATALOG_COMPILER_APPICON_NAME = AppIcon;
				ASSETCATALOG_COMPILER_GLOBAL_ACCENT_COLOR_NAME = AccentColor;
				CODE_SIGN_STYLE = Automatic;
				CURRENT_PROJECT_VERSION = 1;
				DEVELOPMENT_TEAM = VPKMBVYVNK;
				GENERATE_INFOPLIST_FILE = YES;
				INFOPLIST_FILE = UIKitApp/Info.plist;
				INFOPLIST_KEY_UIApplicationSupportsIndirectInputEvents = YES;
				INFOPLIST_KEY_UILaunchStoryboardName = LaunchScreen;
				INFOPLIST_KEY_UIMainStoryboardFile = Main;
				INFOPLIST_KEY_UISupportedInterfaceOrientations_iPad = "UIInterfaceOrientationPortrait UIInterfaceOrientationPortraitUpsideDown UIInterfaceOrientationLandscapeLeft UIInterfaceOrientationLandscapeRight";
				INFOPLIST_KEY_UISupportedInterfaceOrientations_iPhone = "UIInterfaceOrientationPortrait UIInterfaceOrientationLandscapeLeft UIInterfaceOrientationLandscapeRight";
				LD_RUNPATH_SEARCH_PATHS = (
					"$(inherited)",
					"@executable_path/Frameworks",
				);
				MARKETING_VERSION = 1.0;
				PRODUCT_BUNDLE_IDENTIFIER = com.johanthorell.UIKitApp;
				PRODUCT_NAME = "$(TARGET_NAME)";
				SWIFT_EMIT_LOC_STRINGS = YES;
				SWIFT_VERSION = 5.0;
				TARGETED_DEVICE_FAMILY = "1,2";
			};
			name = Debug;
		};
		AB8BEB41281D9ABA00B05442 /* Release */ = {
			isa = XCBuildConfiguration;
			buildSettings = {
				ASSETCATALOG_COMPILER_APPICON_NAME = AppIcon;
				ASSETCATALOG_COMPILER_GLOBAL_ACCENT_COLOR_NAME = AccentColor;
				CODE_SIGN_STYLE = Automatic;
				CURRENT_PROJECT_VERSION = 1;
				DEVELOPMENT_TEAM = VPKMBVYVNK;
				GENERATE_INFOPLIST_FILE = YES;
				INFOPLIST_FILE = UIKitApp/Info.plist;
				INFOPLIST_KEY_UIApplicationSupportsIndirectInputEvents = YES;
				INFOPLIST_KEY_UILaunchStoryboardName = LaunchScreen;
				INFOPLIST_KEY_UIMainStoryboardFile = Main;
				INFOPLIST_KEY_UISupportedInterfaceOrientations_iPad = "UIInterfaceOrientationPortrait UIInterfaceOrientationPortraitUpsideDown UIInterfaceOrientationLandscapeLeft UIInterfaceOrientationLandscapeRight";
				INFOPLIST_KEY_UISupportedInterfaceOrientations_iPhone = "UIInterfaceOrientationPortrait UIInterfaceOrientationLandscapeLeft UIInterfaceOrientationLandscapeRight";
				LD_RUNPATH_SEARCH_PATHS = (
					"$(inherited)",
					"@executable_path/Frameworks",
				);
				MARKETING_VERSION = 1.0;
				PRODUCT_BUNDLE_IDENTIFIER = com.johanthorell.UIKitApp;
				PRODUCT_NAME = "$(TARGET_NAME)";
				SWIFT_EMIT_LOC_STRINGS = YES;
				SWIFT_VERSION = 5.0;
				TARGETED_DEVICE_FAMILY = "1,2";
			};
			name = Release;
		};
/* End XCBuildConfiguration section */

/* Begin XCConfigurationList section */
		AB8BEB26281D9AB800B05442 /* Build configuration list for PBXProject "UIKitApp" */ = {
			isa = XCConfigurationList;
			buildConfigurations = (
				AB8BEB3D281D9ABA00B05442 /* Debug */,
				AB8BEB3E281D9ABA00B05442 /* Release */,
			);
			defaultConfigurationIsVisible = 0;
			defaultConfigurationName = Release;
		};
		AB8BEB3F281D9ABA00B05442 /* Build configuration list for PBXNativeTarget "UIKitApp" */ = {
			isa = XCConfigurationList;
			buildConfigurations = (
				AB8BEB40281D9ABA00B05442 /* Debug */,
				AB8BEB41281D9ABA00B05442 /* Release */,
			);
			defaultConfigurationIsVisible = 0;
			defaultConfigurationName = Release;
		};
/* End XCConfigurationList section */

/* Begin XCRemoteSwiftPackageReference section */
		ABF1498B283D0C00001DE73A /* XCRemoteSwiftPackageReference "swift-eazy" */ = {
			isa = XCRemoteSwiftPackageReference;
			repositoryURL = "git@github.com:bangerang/swift-eazy.git";
			requirement = {
				kind = versionRange;
				maximumVersion = 1.0.0;
				minimumVersion = 0.0.1;
			};
		};
/* End XCRemoteSwiftPackageReference section */

/* Begin XCSwiftPackageProductDependency section */
		ABF1498C283D0C00001DE73A /* Eazy */ = {
			isa = XCSwiftPackageProductDependency;
			package = ABF1498B283D0C00001DE73A /* XCRemoteSwiftPackageReference "swift-eazy" */;
			productName = Eazy;
		};
		ABFB82AC2831697F00D05630 /* Eazy */ = {
			isa = XCSwiftPackageProductDependency;
			productName = Eazy;
		};
/* End XCSwiftPackageProductDependency section */
	};
	rootObject = AB8BEB23281D9AB800B05442 /* Project object */;
}
